{
  "version": "5",
  "specifiers": {
    "npm:@hono/auth-js@^1.0.17": "1.0.17_@auth+core@0.39.1__preact@10.24.3_hono@4.7.11_react@19.1.0",
    "npm:@traptitech/traq-markdown-it@6.3.0": "6.3.0",
    "npm:hono@^4.7.11": "4.7.11",
    "npm:markdown-it@^14.1.0": "14.1.0",
    "npm:openapi-fetch@0.14": "0.14.0"
  },
  "npm": {
    "@auth/core@0.39.1_preact@10.24.3": {
      "integrity": "sha512-McD8slui0oOA1pjR5sPjLPl5Zm//nLP/8T3kr8hxIsvNLvsiudYvPHhDFPjh1KcZ2nFxCkZmP6bRxaaPd/AnLA==",
      "dependencies": [
        "@panva/hkdf",
        "jose",
        "oauth4webapi",
        "preact",
        "preact-render-to-string"
      ]
    },
    "@hono/auth-js@1.0.17_@auth+core@0.39.1__preact@10.24.3_hono@4.7.11_react@19.1.0": {
      "integrity": "sha512-757xmVz62egu1ULAd+X5Ysho2TPcsYq5HnEzdsHctel5B6GeFe2pzMoSHVs3Y/ZBd017GYHtehfym2PGt9zRvw==",
      "dependencies": [
        "@auth/core",
        "hono",
        "react"
      ]
    },
    "@panva/hkdf@1.2.1": {
      "integrity": "sha512-6oclG6Y3PiDFcoyk8srjLfVKyMfVCKJ27JwNPViuXziFpmdz+MZnZN/aKY0JGXgYuO/VghU0jcOAZgWXZ1Dmrw=="
    },
    "@traptitech/markdown-it-katex@3.6.0": {
      "integrity": "sha512-CnJzTWxsgLGXFdSrWRaGz7GZ1kUUi8g3E9HzJmeveX1YwVJavrKYqysktfHZQsujdnRqV5O7g8FPKEA/aeTkOQ==",
      "dependencies": [
        "katex"
      ]
    },
    "@traptitech/markdown-it-regexp@0.5.3": {
      "integrity": "sha512-1PhwqY/vsef2OI8xOxUTGTPTMW3J65AG1LhKhkTJFgNVsu6tN9LGVBz/Y8vKPNNXuZOxhUWR3Xg8N91Dx3aH4A=="
    },
    "@traptitech/markdown-it-spoiler@1.1.6": {
      "integrity": "sha512-tH/Fk1WMsnSuLpuRsXw8iHtdivoCEI5V08hQ7doVm6WmzAnBf/cUzyH9+GbOldPq9Hwv9v9tuy5t/MxmdNAGXg=="
    },
    "@traptitech/traq-markdown-it@6.3.0": {
      "integrity": "sha512-66sDdX7AXYve8R41hopuI+3Sxq36facQhN1te0RiLq1BjiGcZQoKbDFeN5zltbe9veBJ6eGiGJoeSdHFK7HBRA==",
      "dependencies": [
        "@traptitech/markdown-it-katex",
        "@traptitech/markdown-it-regexp",
        "@traptitech/markdown-it-spoiler",
        "highlight.js",
        "katex",
        "markdown-it@13.0.2",
        "markdown-it-container",
        "markdown-it-image-filter",
        "markdown-it-json",
        "markdown-it-link-attributes",
        "markdown-it-mark"
      ]
    },
    "argparse@2.0.1": {
      "integrity": "sha512-8+9WqebbFzpX9OR+Wa6O29asIogeRMzcGtAINdpMHHyAg10f05aSFVBbcEqGf/PXw1EjAZ+q2/bEBg3DvurK3Q=="
    },
    "commander@8.3.0": {
      "integrity": "sha512-OkTL9umf+He2DZkUq8f8J9of7yL6RJKI24dVITBmNfZBmri9zYZQrKkuXiKhyfPSu8tUhnVBB1iKXevvnlR4Ww=="
    },
    "entities@3.0.1": {
      "integrity": "sha512-WiyBqoomrwMdFG1e0kqvASYfnlb0lp8M5o5Fw2OFq1hNZxxcNk8Ik0Xm7LxzBhuidnZB/UtBqVCgUz3kBOP51Q=="
    },
    "entities@4.5.0": {
      "integrity": "sha512-V0hjH4dGPh9Ao5p0MoRY6BVqtwCjhz6vI5LT8AJ55H+4g9/4vbHx1I54fS0XuclLhDHArPQCiMjDxjaL8fPxhw=="
    },
    "highlight.js@11.11.1": {
      "integrity": "sha512-Xwwo44whKBVCYoliBQwaPvtd/2tYFkRQtXDWj1nackaV2JPXx3L0+Jvd8/qCJ2p+ML0/XVkJ2q+Mr+UVdpJK5w=="
    },
    "hono@4.7.11": {
      "integrity": "sha512-rv0JMwC0KALbbmwJDEnxvQCeJh+xbS3KEWW5PC9cMJ08Ur9xgatI0HmtgYZfOdOSOeYsp5LO2cOhdI8cLEbDEQ=="
    },
    "jose@6.0.11": {
      "integrity": "sha512-QxG7EaliDARm1O1S8BGakqncGT9s25bKL1WSf6/oa17Tkqwi8D2ZNglqCF+DsYF88/rV66Q/Q2mFAy697E1DUg=="
    },
    "katex@0.16.22": {
      "integrity": "sha512-XCHRdUw4lf3SKBaJe4EvgqIuWwkPSo9XoeO8GjQW94Bp7TWv9hNhzZjZ+OH9yf1UmLygb7DIT5GSFQiyt16zYg==",
      "dependencies": [
        "commander"
      ],
      "bin": true
    },
    "linkify-it@4.0.1": {
      "integrity": "sha512-C7bfi1UZmoj8+PQx22XyeXCuBlokoyWQL5pWSP+EI6nzRylyThouddufc2c1NDIcP9k5agmN9fLpA7VNJfIiqw==",
      "dependencies": [
        "uc.micro@1.0.6"
      ]
    },
    "linkify-it@5.0.0": {
      "integrity": "sha512-5aHCbzQRADcdP+ATqnDuhhJ/MRIqDkZX5pyjFHRRysS8vZ5AbqGEoFIb6pYHPZ+L/OC2Lc+xT8uHVVR5CAK/wQ==",
      "dependencies": [
        "uc.micro@2.1.0"
      ]
    },
    "markdown-it-container@3.0.0": {
      "integrity": "sha512-y6oKTq4BB9OQuY/KLfk/O3ysFhB3IMYoIWhGJEidXt1NQFocFK2sA2t0NYZAMyMShAGL6x5OPIbrmXPIqaN9rw=="
    },
    "markdown-it-image-filter@1.1.0": {
      "integrity": "sha512-JwXUqgW9ySE576M8vCkajtkkeBEeKov5yT0F4o9Gd/cQrrj+UnKzVz8WIx0o3613CI8dPPcS1q44LDdZcikyGQ=="
    },
    "markdown-it-json@1.0.2": {
      "integrity": "sha512-R/1ZW3JU+ariFafSnV4KP8lbhs80P2SkdB2BdY5OYVoDkaNYeJUNcfnddTF6XmwTOL85Y5fO6urnkFNvkyOPeA=="
    },
    "markdown-it-link-attributes@4.0.1": {
      "integrity": "sha512-pg5OK0jPLg62H4k7M9mRJLT61gUp9nvG0XveKYHMOOluASo9OEF13WlXrpAp2aj35LbedAy3QOCgQCw0tkLKAQ=="
    },
    "markdown-it-mark@3.0.1": {
      "integrity": "sha512-HyxjAu6BRsdt6Xcv6TKVQnkz/E70TdGXEFHRYBGLncRE9lBFwDNLVtFojKxjJWgJ+5XxUwLaHXy+2sGBbDn+4A=="
    },
    "markdown-it@13.0.2": {
      "integrity": "sha512-FtwnEuuK+2yVU7goGn/MJ0WBZMM9ZPgU9spqlFs7/A/pDIUNSOQZhUgOqYCficIuR2QaFnrt8LHqBWsbTAoI5w==",
      "dependencies": [
        "argparse",
        "entities@3.0.1",
        "linkify-it@4.0.1",
        "mdurl@1.0.1",
        "uc.micro@1.0.6"
      ],
      "bin": true
    },
    "markdown-it@14.1.0": {
      "integrity": "sha512-a54IwgWPaeBCAAsv13YgmALOF1elABB08FxO9i+r4VFk5Vl4pKokRPeX8u5TCgSsPi6ec1otfLjdOpVcgbpshg==",
      "dependencies": [
        "argparse",
        "entities@4.5.0",
        "linkify-it@5.0.0",
        "mdurl@2.0.0",
        "punycode.js",
        "uc.micro@2.1.0"
      ],
      "bin": true
    },
    "mdurl@1.0.1": {
      "integrity": "sha512-/sKlQJCBYVY9Ers9hqzKou4H6V5UWc/M59TH2dvkt+84itfnq7uFOMLpOiOS4ujvHP4etln18fmIxA5R5fll0g=="
    },
    "mdurl@2.0.0": {
      "integrity": "sha512-Lf+9+2r+Tdp5wXDXC4PcIBjTDtq4UKjCPMQhKIuzpJNW0b96kVqSwW0bT7FhRSfmAiFYgP+SCRvdrDozfh0U5w=="
    },
    "oauth4webapi@3.5.2": {
      "integrity": "sha512-VYz5BaP3izIrUc1GAVzIoz4JnljiW0YAUFObMBwsqDnfHxz2sjLu3W7/8vE8Ms9IbMewN9+1kcvhY3tMscAeGQ=="
    },
    "openapi-fetch@0.14.0": {
      "integrity": "sha512-PshIdm1NgdLvb05zp8LqRQMNSKzIlPkyMxYFxwyHR+UlKD4t2nUjkDhNxeRbhRSEd3x5EUNh2w5sJYwkhOH4fg==",
      "dependencies": [
        "openapi-typescript-helpers"
      ]
    },
    "openapi-typescript-helpers@0.0.15": {
      "integrity": "sha512-opyTPaunsklCBpTK8JGef6mfPhLSnyy5a0IN9vKtx3+4aExf+KxEqYwIy3hqkedXIB97u357uLMJsOnm3GVjsw=="
    },
    "preact-render-to-string@6.5.11_preact@10.24.3": {
      "integrity": "sha512-ubnauqoGczeGISiOh6RjX0/cdaF8v/oDXIjO85XALCQjwQP+SB4RDXXtvZ6yTYSjG+PC1QRP2AhPgCEsM2EvUw==",
      "dependencies": [
        "preact"
      ]
    },
    "preact@10.24.3": {
      "integrity": "sha512-Z2dPnBnMUfyQfSQ+GBdsGa16hz35YmLmtTLhM169uW944hYL6xzTYkJjC07j+Wosz733pMWx0fgON3JNw1jJQA=="
    },
    "punycode.js@2.3.1": {
      "integrity": "sha512-uxFIHU0YlHYhDQtV4R9J6a52SLx28BCjT+4ieh7IGbgwVJWO+km431c4yRlREUAsAmt/uMjQUyQHNEPf0M39CA=="
    },
    "react@19.1.0": {
      "integrity": "sha512-FS+XFBNvn3GTAWq26joslQgWNoFu08F4kl0J4CgdNKADkdSGXQyTCnKteIAJy96Br6YbpEU1LSzV5dYtjMkMDg=="
    },
    "uc.micro@1.0.6": {
      "integrity": "sha512-8Y75pvTYkLJW2hWQHXxoqRgV7qb9B+9vFEtidML+7koHUFapnVJAZ6cKs+Qjz5Aw3aZWHMC6u0wJE3At+nSGwA=="
    },
    "uc.micro@2.1.0": {
      "integrity": "sha512-ARDJmphmdvUk6Glw7y9DQ2bFkKBHwQHLi2lsaH6PPmz/Ka9sFOBsBluozhDltWmnv9u/cF6Rt87znRTPV+yp/A=="
    }
  },
  "workspace": {
    "dependencies": [
      "npm:@hono/auth-js@^1.0.17",
      "npm:@traptitech/traq-markdown-it@6.3.0",
      "npm:hono@^4.7.11",
      "npm:markdown-it@^14.1.0",
      "npm:openapi-fetch@0.14"
    ]
  }
}
